// !$*UTF8*$!
{
	archiveVersion = 1;
	classes = {
	};
	objectVersion = 50;
	objects = {

/* Begin PBXBuildFile section */
		8BE27593224A0E32003E0612 /* AppDelegate.m in Sources */ = {isa = PBXBuildFile; fileRef = 8BE27592224A0E32003E0612 /* AppDelegate.m */; };
		8BE27596224A0E32003E0612 /* ViewController.m in Sources */ = {isa = PBXBuildFile; fileRef = 8BE27595224A0E32003E0612 /* ViewController.m */; };
		8BE27599224A0E32003E0612 /* Main.storyboard in Resources */ = {isa = PBXBuildFile; fileRef = 8BE27597224A0E32003E0612 /* Main.storyboard */; };
		8BE2759B224A0E34003E0612 /* Assets.xcassets in Resources */ = {isa = PBXBuildFile; fileRef = 8BE2759A224A0E34003E0612 /* Assets.xcassets */; };
		8BE2759E224A0E34003E0612 /* LaunchScreen.storyboard in Resources */ = {isa = PBXBuildFile; fileRef = 8BE2759C224A0E34003E0612 /* LaunchScreen.storyboard */; };
		8BE275A1224A0E34003E0612 /* main.m in Sources */ = {isa = PBXBuildFile; fileRef = 8BE275A0224A0E34003E0612 /* main.m */; };
		8BE275AB224A0E34003E0612 /* WPAlertControlTests.m in Sources */ = {isa = PBXBuildFile; fileRef = 8BE275AA224A0E34003E0612 /* WPAlertControlTests.m */; };
		8BE275B6224A0E34003E0612 /* WPAlertControlUITests.m in Sources */ = {isa = PBXBuildFile; fileRef = 8BE275B5224A0E34003E0612 /* WPAlertControlUITests.m */; };
		8BE275C7224A0E5E003E0612 /* WPAlertControl.m in Sources */ = {isa = PBXBuildFile; fileRef = 8BE275C5224A0E5D003E0612 /* WPAlertControl.m */; };
		8BE275C8224A0E5E003E0612 /* WPView.m in Sources */ = {isa = PBXBuildFile; fileRef = 8BE275C6224A0E5E003E0612 /* WPView.m */; };
/* End PBXBuildFile section */

/* Begin PBXContainerItemProxy section */
		8BE275A7224A0E34003E0612 /* PBXContainerItemProxy */ = {
			isa = PBXContainerItemProxy;
			containerPortal = 8BE27586224A0E32003E0612 /* Project object */;
			proxyType = 1;
			remoteGlobalIDString = 8BE2758D224A0E32003E0612;
			remoteInfo = WPAlertControl;
		};
		8BE275B2224A0E34003E0612 /* PBXContainerItemProxy */ = {
			isa = PBXContainerItemProxy;
			containerPortal = 8BE27586224A0E32003E0612 /* Project object */;
			proxyType = 1;
			remoteGlobalIDString = 8BE2758D224A0E32003E0612;
			remoteInfo = WPAlertControl;
		};
/* End PBXContainerItemProxy section */

/* Begin PBXFileReference section */
		8BE2758E224A0E32003E0612 /* WPAlertControl.app */ = {isa = PBXFileReference; explicitFileType = wrapper.application; includeInIndex = 0; path = WPAlertControl.app; sourceTree = BUILT_PRODUCTS_DIR; };
		8BE27591224A0E32003E0612 /* AppDelegate.h */ = {isa = PBXFileReference; lastKnownFileType = sourcecode.c.h; path = AppDelegate.h; sourceTree = "<group>"; };
		8BE27592224A0E32003E0612 /* AppDelegate.m */ = {isa = PBXFileReference; lastKnownFileType = sourcecode.c.objc; path = AppDelegate.m; sourceTree = "<group>"; };
		8BE27594224A0E32003E0612 /* ViewController.h */ = {isa = PBXFileReference; lastKnownFileType = sourcecode.c.h; path = ViewController.h; sourceTree = "<group>"; };
		8BE27595224A0E32003E0612 /* ViewController.m */ = {isa = PBXFileReference; lastKnownFileType = sourcecode.c.objc; path = ViewController.m; sourceTree = "<group>"; };
		8BE27598224A0E32003E0612 /* Base */ = {isa = PBXFileReference; lastKnownFileType = file.storyboard; name = Base; path = Base.lproj/Main.storyboard; sourceTree = "<group>"; };
		8BE2759A224A0E34003E0612 /* Assets.xcassets */ = {isa = PBXFileReference; lastKnownFileType = folder.assetcatalog; path = Assets.xcassets; sourceTree = "<group>"; };
		8BE2759D224A0E34003E0612 /* Base */ = {isa = PBXFileReference; lastKnownFileType = file.storyboard; name = Base; path = Base.lproj/LaunchScreen.storyboard; sourceTree = "<group>"; };
		8BE2759F224A0E34003E0612 /* Info.plist */ = {isa = PBXFileReference; lastKnownFileType = text.plist.xml; path = Info.plist; sourceTree = "<group>"; };
		8BE275A0224A0E34003E0612 /* main.m */ = {isa = PBXFileReference; lastKnownFileType = sourcecode.c.objc; path = main.m; sourceTree = "<group>"; };
		8BE275A6224A0E34003E0612 /* WPAlertControlTests.xctest */ = {isa = PBXFileReference; explicitFileType = wrapper.cfbundle; includeInIndex = 0; path = WPAlertControlTests.xctest; sourceTree = BUILT_PRODUCTS_DIR; };
		8BE275AA224A0E34003E0612 /* WPAlertControlTests.m */ = {isa = PBXFileReference; lastKnownFileType = sourcecode.c.objc; path = WPAlertControlTests.m; sourceTree = "<group>"; };
		8BE275AC224A0E34003E0612 /* Info.plist */ = {isa = PBXFileReference; lastKnownFileType = text.plist.xml; path = Info.plist; sourceTree = "<group>"; };
		8BE275B1224A0E34003E0612 /* WPAlertControlUITests.xctest */ = {isa = PBXFileReference; explicitFileType = wrapper.cfbundle; includeInIndex = 0; path = WPAlertControlUITests.xctest; sourceTree = BUILT_PRODUCTS_DIR; };
		8BE275B5224A0E34003E0612 /* WPAlertControlUITests.m */ = {isa = PBXFileReference; lastKnownFileType = sourcecode.c.objc; path = WPAlertControlUITests.m; sourceTree = "<group>"; };
		8BE275B7224A0E34003E0612 /* Info.plist */ = {isa = PBXFileReference; lastKnownFileType = text.plist.xml; path = Info.plist; sourceTree = "<group>"; };
		8BE275C3224A0E5D003E0612 /* WPAlertControl.h */ = {isa = PBXFileReference; fileEncoding = 4; lastKnownFileType = sourcecode.c.h; path = WPAlertControl.h; sourceTree = "<group>"; };
		8BE275C4224A0E5D003E0612 /* WPView.h */ = {isa = PBXFileReference; fileEncoding = 4; lastKnownFileType = sourcecode.c.h; path = WPView.h; sourceTree = "<group>"; };
		8BE275C5224A0E5D003E0612 /* WPAlertControl.m */ = {isa = PBXFileReference; fileEncoding = 4; lastKnownFileType = sourcecode.c.objc; path = WPAlertControl.m; sourceTree = "<group>"; };
		8BE275C6224A0E5E003E0612 /* WPView.m */ = {isa = PBXFileReference; fileEncoding = 4; lastKnownFileType = sourcecode.c.objc; path = WPView.m; sourceTree = "<group>"; };
/* End PBXFileReference section */

/* Begin PBXFrameworksBuildPhase section */
		8BE2758B224A0E32003E0612 /* Frameworks */ = {
			isa = PBXFrameworksBuildPhase;
			buildActionMask = 2147483647;
			files = (
			);
			runOnlyForDeploymentPostprocessing = 0;
		};
		8BE275A3224A0E34003E0612 /* Frameworks */ = {
			isa = PBXFrameworksBuildPhase;
			buildActionMask = 2147483647;
			files = (
			);
			runOnlyForDeploymentPostprocessing = 0;
		};
		8BE275AE224A0E34003E0612 /* Frameworks */ = {
			isa = PBXFrameworksBuildPhase;
			buildActionMask = 2147483647;
			files = (
			);
			runOnlyForDeploymentPostprocessing = 0;
		};
/* End PBXFrameworksBuildPhase section */

/* Begin PBXGroup section */
		8BE27585224A0E32003E0612 = {
			isa = PBXGroup;
			children = (
				8BE27590224A0E32003E0612 /* WPAlertControl */,
				8BE275A9224A0E34003E0612 /* WPAlertControlTests */,
				8BE275B4224A0E34003E0612 /* WPAlertControlUITests */,
				8BE2758F224A0E32003E0612 /* Products */,
			);
			sourceTree = "<group>";
		};
		8BE2758F224A0E32003E0612 /* Products */ = {
			isa = PBXGroup;
			children = (
				8BE2758E224A0E32003E0612 /* WPAlertControl.app */,
				8BE275A6224A0E34003E0612 /* WPAlertControlTests.xctest */,
				8BE275B1224A0E34003E0612 /* WPAlertControlUITests.xctest */,
			);
			name = Products;
			sourceTree = "<group>";
		};
		8BE27590224A0E32003E0612 /* WPAlertControl */ = {
			isa = PBXGroup;
			children = (
				8BE275C3224A0E5D003E0612 /* WPAlertControl.h */,
				8BE275C5224A0E5D003E0612 /* WPAlertControl.m */,
				8BE275C4224A0E5D003E0612 /* WPView.h */,
				8BE275C6224A0E5E003E0612 /* WPView.m */,
				8BE27591224A0E32003E0612 /* AppDelegate.h */,
				8BE27592224A0E32003E0612 /* AppDelegate.m */,
				8BE27594224A0E32003E0612 /* ViewController.h */,
				8BE27595224A0E32003E0612 /* ViewController.m */,
				8BE27597224A0E32003E0612 /* Main.storyboard */,
				8BE2759A224A0E34003E0612 /* Assets.xcassets */,
				8BE2759C224A0E34003E0612 /* LaunchScreen.storyboard */,
				8BE2759F224A0E34003E0612 /* Info.plist */,
				8BE275A0224A0E34003E0612 /* main.m */,
			);
			path = WPAlertControl;
			sourceTree = "<group>";
		};
		8BE275A9224A0E34003E0612 /* WPAlertControlTests */ = {
			isa = PBXGroup;
			children = (
				8BE275AA224A0E34003E0612 /* WPAlertControlTests.m */,
				8BE275AC224A0E34003E0612 /* Info.plist */,
			);
			path = WPAlertControlTests;
			sourceTree = "<group>";
		};
		8BE275B4224A0E34003E0612 /* WPAlertControlUITests */ = {
			isa = PBXGroup;
			children = (
				8BE275B5224A0E34003E0612 /* WPAlertControlUITests.m */,
				8BE275B7224A0E34003E0612 /* Info.plist */,
			);
			path = WPAlertControlUITests;
			sourceTree = "<group>";
		};
/* End PBXGroup section */

/* Begin PBXNativeTarget section */
		8BE2758D224A0E32003E0612 /* WPAlertControl */ = {
			isa = PBXNativeTarget;
			buildConfigurationList = 8BE275BA224A0E34003E0612 /* Build configuration list for PBXNativeTarget "WPAlertControl" */;
			buildPhases = (
				8BE2758A224A0E32003E0612 /* Sources */,
				8BE2758B224A0E32003E0612 /* Frameworks */,
				8BE2758C224A0E32003E0612 /* Resources */,
			);
			buildRules = (
			);
			dependencies = (
			);
			name = WPAlertControl;
			productName = WPAlertControl;
			productReference = 8BE2758E224A0E32003E0612 /* WPAlertControl.app */;
			productType = "com.apple.product-type.application";
		};
		8BE275A5224A0E34003E0612 /* WPAlertControlTests */ = {
			isa = PBXNativeTarget;
			buildConfigurationList = 8BE275BD224A0E34003E0612 /* Build configuration list for PBXNativeTarget "WPAlertControlTests" */;
			buildPhases = (
				8BE275A2224A0E34003E0612 /* Sources */,
				8BE275A3224A0E34003E0612 /* Frameworks */,
				8BE275A4224A0E34003E0612 /* Resources */,
			);
			buildRules = (
			);
			dependencies = (
				8BE275A8224A0E34003E0612 /* PBXTargetDependency */,
			);
			name = WPAlertControlTests;
			productName = WPAlertControlTests;
			productReference = 8BE275A6224A0E34003E0612 /* WPAlertControlTests.xctest */;
			productType = "com.apple.product-type.bundle.unit-test";
		};
		8BE275B0224A0E34003E0612 /* WPAlertControlUITests */ = {
			isa = PBXNativeTarget;
			buildConfigurationList = 8BE275C0224A0E34003E0612 /* Build configuration list for PBXNativeTarget "WPAlertControlUITests" */;
			buildPhases = (
				8BE275AD224A0E34003E0612 /* Sources */,
				8BE275AE224A0E34003E0612 /* Frameworks */,
				8BE275AF224A0E34003E0612 /* Resources */,
			);
			buildRules = (
			);
			dependencies = (
				8BE275B3224A0E34003E0612 /* PBXTargetDependency */,
			);
			name = WPAlertControlUITests;
			productName = WPAlertControlUITests;
			productReference = 8BE275B1224A0E34003E0612 /* WPAlertControlUITests.xctest */;
			productType = "com.apple.product-type.bundle.ui-testing";
		};
/* End PBXNativeTarget section */

/* Begin PBXProject section */
		8BE27586224A0E32003E0612 /* Project object */ = {
			isa = PBXProject;
			attributes = {
				LastUpgradeCheck = 1010;
				ORGANIZATIONNAME = Developer;
				TargetAttributes = {
					8BE2758D224A0E32003E0612 = {
						CreatedOnToolsVersion = 10.1;
					};
					8BE275A5224A0E34003E0612 = {
						CreatedOnToolsVersion = 10.1;
						TestTargetID = 8BE2758D224A0E32003E0612;
					};
					8BE275B0224A0E34003E0612 = {
						CreatedOnToolsVersion = 10.1;
						TestTargetID = 8BE2758D224A0E32003E0612;
					};
				};
			};
			buildConfigurationList = 8BE27589224A0E32003E0612 /* Build configuration list for PBXProject "WPAlertControl" */;
			compatibilityVersion = "Xcode 9.3";
			developmentRegion = en;
			hasScannedForEncodings = 0;
			knownRegions = (
				en,
				Base,
			);
			mainGroup = 8BE27585224A0E32003E0612;
			productRefGroup = 8BE2758F224A0E32003E0612 /* Products */;
			projectDirPath = "";
			projectRoot = "";
			targets = (
				8BE2758D224A0E32003E0612 /* WPAlertControl */,
				8BE275A5224A0E34003E0612 /* WPAlertControlTests */,
				8BE275B0224A0E34003E0612 /* WPAlertControlUITests */,
			);
		};
/* End PBXProject section */

/* Begin PBXResourcesBuildPhase section */
		8BE2758C224A0E32003E0612 /* Resources */ = {
			isa = PBXResourcesBuildPhase;
			buildActionMask = 2147483647;
			files = (
				8BE2759E224A0E34003E0612 /* LaunchScreen.storyboard in Resources */,
				8BE2759B224A0E34003E0612 /* Assets.xcassets in Resources */,
				8BE27599224A0E32003E0612 /* Main.storyboard in Resources */,
			);
			runOnlyForDeploymentPostprocessing = 0;
		};
		8BE275A4224A0E34003E0612 /* Resources */ = {
			isa = PBXResourcesBuildPhase;
			buildActionMask = 2147483647;
			files = (
			);
			runOnlyForDeploymentPostprocessing = 0;
		};
		8BE275AF224A0E34003E0612 /* Resources */ = {
			isa = PBXResourcesBuildPhase;
			buildActionMask = 2147483647;
			files = (
			);
			runOnlyForDeploymentPostprocessing = 0;
		};
/* End PBXResourcesBuildPhase section */

/* Begin PBXSourcesBuildPhase section */
		8BE2758A224A0E32003E0612 /* Sources */ = {
			isa = PBXSourcesBuildPhase;
			buildActionMask = 2147483647;
			files = (
				8BE27596224A0E32003E0612 /* ViewController.m in Sources */,
				8BE275A1224A0E34003E0612 /* main.m in Sources */,
				8BE27593224A0E32003E0612 /* AppDelegate.m in Sources */,
				8BE275C7224A0E5E003E0612 /* WPAlertControl.m in Sources */,
				8BE275C8224A0E5E003E0612 /* WPView.m in Sources */,
			);
			runOnlyForDeploymentPostprocessing = 0;
		};
		8BE275A2224A0E34003E0612 /* Sources */ = {
			isa = PBXSourcesBuildPhase;
			buildActionMask = 2147483647;
			files = (
				8BE275AB224A0E34003E0612 /* WPAlertControlTests.m in Sources */,
			);
			runOnlyForDeploymentPostprocessing = 0;
		};
		8BE275AD224A0E34003E0612 /* Sources */ = {
			isa = PBXSourcesBuildPhase;
			buildActionMask = 2147483647;
			files = (
				8BE275B6224A0E34003E0612 /* WPAlertControlUITests.m in Sources */,
			);
			runOnlyForDeploymentPostprocessing = 0;
		};
/* End PBXSourcesBuildPhase section */

/* Begin PBXTargetDependency section */
		8BE275A8224A0E34003E0612 /* PBXTargetDependency */ = {
			isa = PBXTargetDependency;
			target = 8BE2758D224A0E32003E0612 /* WPAlertControl */;
			targetProxy = 8BE275A7224A0E34003E0612 /* PBXContainerItemProxy */;
		};
		8BE275B3224A0E34003E0612 /* PBXTargetDependency */ = {
			isa = PBXTargetDependency;
			target = 8BE2758D224A0E32003E0612 /* WPAlertControl */;
			targetProxy = 8BE275B2224A0E34003E0612 /* PBXContainerItemProxy */;
		};
/* End PBXTargetDependency section */

/* Begin PBXVariantGroup section */
		8BE27597224A0E32003E0612 /* Main.storyboard */ = {
			isa = PBXVariantGroup;
			children = (
				8BE27598224A0E32003E0612 /* Base */,
			);
			name = Main.storyboard;
			sourceTree = "<group>";
		};
		8BE2759C224A0E34003E0612 /* LaunchScreen.storyboard */ = {
			isa = PBXVariantGroup;
			children = (
				8BE2759D224A0E34003E0612 /* Base */,
			);
			name = LaunchScreen.storyboard;
			sourceTree = "<group>";
		};
/* End PBXVariantGroup section */

/* Begin XCBuildConfiguration section */
		8BE275B8224A0E34003E0612 /* Debug */ = {
			isa = XCBuildConfiguration;
			buildSettings = {
				ALWAYS_SEARCH_USER_PATHS = NO;
				CLANG_ANALYZER_NONNULL = YES;
				CLANG_ANALYZER_NUMBER_OBJECT_CONVERSION = YES_AGGRESSIVE;
				CLANG_CXX_LANGUAGE_STANDARD = "gnu++14";
				CLANG_CXX_LIBRARY = "libc++";
				CLANG_ENABLE_MODULES = YES;
				CLANG_ENABLE_OBJC_ARC = YES;
				CLANG_ENABLE_OBJC_WEAK = YES;
				CLANG_WARN_BLOCK_CAPTURE_AUTORELEASING = YES;
				CLANG_WARN_BOOL_CONVERSION = YES;
				CLANG_WARN_COMMA = YES;
				CLANG_WARN_CONSTANT_CONVERSION = YES;
				CLANG_WARN_DEPRECATED_OBJC_IMPLEMENTATIONS = YES;
				CLANG_WARN_DIRECT_OBJC_ISA_USAGE = YES_ERROR;
				CLANG_WARN_DOCUMENTATION_COMMENTS = YES;
				CLANG_WARN_EMPTY_BODY = YES;
				CLANG_WARN_ENUM_CONVERSION = YES;
				CLANG_WARN_INFINITE_RECURSION = YES;
				CLANG_WARN_INT_CONVERSION = YES;
				CLANG_WARN_NON_LITERAL_NULL_CONVERSION = YES;
				CLANG_WARN_OBJC_IMPLICIT_RETAIN_SELF = YES;
				CLANG_WARN_OBJC_LITERAL_CONVERSION = YES;
				CLANG_WARN_OBJC_ROOT_CLASS = YES_ERROR;
				CLANG_WARN_RANGE_LOOP_ANALYSIS = YES;
				CLANG_WARN_STRICT_PROTOTYPES = YES;
				CLANG_WARN_SUSPICIOUS_MOVE = YES;
				CLANG_WARN_UNGUARDED_AVAILABILITY = YES_AGGRESSIVE;
				CLANG_WARN_UNREACHABLE_CODE = YES;
				CLANG_WARN__DUPLICATE_METHOD_MATCH = YES;
				CODE_SIGN_IDENTITY = "iPhone Developer";
				COPY_PHASE_STRIP = NO;
				DEBUG_INFORMATION_FORMAT = dwarf;
				ENABLE_STRICT_OBJC_MSGSEND = YES;
				ENABLE_TESTABILITY = YES;
				GCC_C_LANGUAGE_STANDARD = gnu11;
				GCC_DYNAMIC_NO_PIC = NO;
				GCC_NO_COMMON_BLOCKS = YES;
				GCC_OPTIMIZATION_LEVEL = 0;
				GCC_PREPROCESSOR_DEFINITIONS = (
					"DEBUG=1",
					"$(inherited)",
				);
				GCC_WARN_64_TO_32_BIT_CONVERSION = YES;
				GCC_WARN_ABOUT_RETURN_TYPE = YES_ERROR;
				GCC_WARN_UNDECLARED_SELECTOR = YES;
				GCC_WARN_UNINITIALIZED_AUTOS = YES_AGGRESSIVE;
				GCC_WARN_UNUSED_FUNCTION = YES;
				GCC_WARN_UNUSED_VARIABLE = YES;
				IPHONEOS_DEPLOYMENT_TARGET = 12.1;
				MTL_ENABLE_DEBUG_INFO = INCLUDE_SOURCE;
				MTL_FAST_MATH = YES;
				ONLY_ACTIVE_ARCH = YES;
				SDKROOT = iphoneos;
			};
			name = Debug;
		};
		8BE275B9224A0E34003E0612 /* Release */ = {
			isa = XCBuildConfiguration;
			buildSettings = {
				ALWAYS_SEARCH_USER_PATHS = NO;
				CLANG_ANALYZER_NONNULL = YES;
				CLANG_ANALYZER_NUMBER_OBJECT_CONVERSION = YES_AGGRESSIVE;
				CLANG_CXX_LANGUAGE_STANDARD = "gnu++14";
				CLANG_CXX_LIBRARY = "libc++";
				CLANG_ENABLE_MODULES = YES;
				CLANG_ENABLE_OBJC_ARC = YES;
				CLANG_ENABLE_OBJC_WEAK = YES;
				CLANG_WARN_BLOCK_CAPTURE_AUTORELEASING = YES;
				CLANG_WARN_BOOL_CONVERSION = YES;
				CLANG_WARN_COMMA = YES;
				CLANG_WARN_CONSTANT_CONVERSION = YES;
				CLANG_WARN_DEPRECATED_OBJC_IMPLEMENTATIONS = YES;
				CLANG_WARN_DIRECT_OBJC_ISA_USAGE = YES_ERROR;
				CLANG_WARN_DOCUMENTATION_COMMENTS = YES;
				CLANG_WARN_EMPTY_BODY = YES;
				CLANG_WARN_ENUM_CONVERSION = YES;
				CLANG_WARN_INFINITE_RECURSION = YES;
				CLANG_WARN_INT_CONVERSION = YES;
				CLANG_WARN_NON_LITERAL_NULL_CONVERSION = YES;
				CLANG_WARN_OBJC_IMPLICIT_RETAIN_SELF = YES;
				CLANG_WARN_OBJC_LITERAL_CONVERSION = YES;
				CLANG_WARN_OBJC_ROOT_CLASS = YES_ERROR;
				CLANG_WARN_RANGE_LOOP_ANALYSIS = YES;
				CLANG_WARN_STRICT_PROTOTYPES = YES;
				CLANG_WARN_SUSPICIOUS_MOVE = YES;
				CLANG_WARN_UNGUARDED_AVAILABILITY = YES_AGGRESSIVE;
				CLANG_WARN_UNREACHABLE_CODE = YES;
				CLANG_WARN__DUPLICATE_METHOD_MATCH = YES;
				CODE_SIGN_IDENTITY = "iPhone Developer";
				COPY_PHASE_STRIP = NO;
				DEBUG_INFORMATION_FORMAT = "dwarf-with-dsym";
				ENABLE_NS_ASSERTIONS = NO;
				ENABLE_STRICT_OBJC_MSGSEND = YES;
				GCC_C_LANGUAGE_STANDARD = gnu11;
				GCC_NO_COMMON_BLOCKS = YES;
				GCC_WARN_64_TO_32_BIT_CONVERSION = YES;
				GCC_WARN_ABOUT_RETURN_TYPE = YES_ERROR;
				GCC_WARN_UNDECLARED_SELECTOR = YES;
				GCC_WARN_UNINITIALIZED_AUTOS = YES_AGGRESSIVE;
				GCC_WARN_UNUSED_FUNCTION = YES;
				GCC_WARN_UNUSED_VARIABLE = YES;
				IPHONEOS_DEPLOYMENT_TARGET = 12.1;
				MTL_ENABLE_DEBUG_INFO = NO;
				MTL_FAST_MATH = YES;
				SDKROOT = iphoneos;
				VALIDATE_PRODUCT = YES;
			};
			name = Release;
		};
		8BE275BB224A0E34003E0612 /* Debug */ = {
			isa = XCBuildConfiguration;
			buildSettings = {
				ASSETCATALOG_COMPILER_APPICON_NAME = AppIcon;
				CODE_SIGN_STYLE = Automatic;
				DEVELOPMENT_TEAM = YSZFMHLD4Y;
				INFOPLIST_FILE = WPAlertControl/Info.plist;
				LD_RUNPATH_SEARCH_PATHS = (
					"$(inherited)",
					"@executable_path/Frameworks",
				);
				PRODUCT_BUNDLE_IDENTIFIER = com.alert.WPAlertControl;
				PRODUCT_NAME = "$(TARGET_NAME)";
				TARGETED_DEVICE_FAMILY = "1,2";
			};
			name = Debug;
		};
		8BE275BC224A0E34003E0612 /* Release */ = {
			isa = XCBuildConfiguration;
			buildSettings = {
				ASSETCATALOG_COMPILER_APPICON_NAME = AppIcon;
				CODE_SIGN_STYLE = Automatic;
				DEVELOPMENT_TEAM = YSZFMHLD4Y;
				INFOPLIST_FILE = WPAlertControl/Info.plist;
				LD_RUNPATH_SEARCH_PATHS = (
					"$(inherited)",
					"@executable_path/Frameworks",
				);
				PRODUCT_BUNDLE_IDENTIFIER = com.alert.WPAlertControl;
				PRODUCT_NAME = "$(TARGET_NAME)";
				TARGETED_DEVICE_FAMILY = "1,2";
			};
			name = Release;
		};
		8BE275BE224A0E34003E0612 /* Debug */ = {
			isa = XCBuildConfiguration;
			buildSettings = {
				BUNDLE_LOADER = "$(TEST_HOST)";
				CODE_SIGN_STYLE = Automatic;
				DEVELOPMENT_TEAM = YSZFMHLD4Y;
				INFOPLIST_FILE = WPAlertControlTests/Info.plist;
				LD_RUNPATH_SEARCH_PATHS = (
					"$(inherited)",
					"@executable_path/Frameworks",
					"@loader_path/Frameworks",
				);
				PRODUCT_BUNDLE_IDENTIFIER = com.alert.WPAlertControlTests;
				PRODUCT_NAME = "$(TARGET_NAME)";
				TARGETED_DEVICE_FAMILY = "1,2";
				TEST_HOST = "$(BUILT_PRODUCTS_DIR)/WPAlertControl.app/WPAlertControl";
			};
			name = Debug;
		};
		8BE275BF224A0E34003E0612 /* Release */ = {
			isa = XCBuildConfiguration;
			buildSettings = {
				BUNDLE_LOADER = "$(TEST_HOST)";
				CODE_SIGN_STYLE = Automatic;
				DEVELOPMENT_TEAM = YSZFMHLD4Y;
				INFOPLIST_FILE = WPAlertControlTests/Info.plist;
				LD_RUNPATH_SEARCH_PATHS = (
					"$(inherited)",
					"@executable_path/Frameworks",
					"@loader_path/Frameworks",
				);
				PRODUCT_BUNDLE_IDENTIFIER = com.alert.WPAlertControlTests;
				PRODUCT_NAME = "$(TARGET_NAME)";
				TARGETED_DEVICE_FAMILY = "1,2";
				TEST_HOST = "$(BUILT_PRODUCTS_DIR)/WPAlertControl.app/WPAlertControl";
			};
			name = Release;
		};
		8BE275C1224A0E34003E0612 /* Debug */ = {
			isa = XCBuildConfiguration;
			buildSettings = {
				CODE_SIGN_STYLE = Automatic;
				DEVELOPMENT_TEAM = YSZFMHLD4Y;
				INFOPLIST_FILE = WPAlertControlUITests/Info.plist;
				LD_RUNPATH_SEARCH_PATHS = (
					"$(inherited)",
					"@executable_path/Frameworks",
					"@loader_path/Frameworks",
				);
				PRODUCT_BUNDLE_IDENTIFIER = com.alert.WPAlertControlUITests;
				PRODUCT_NAME = "$(TARGET_NAME)";
				TARGETED_DEVICE_FAMILY = "1,2";
				TEST_TARGET_NAME = WPAlertControl;
			};
			name = Debug;
		};
		8BE275C2224A0E34003E0612 /* Release */ = {
			isa = XCBuildConfiguration;
			buildSettings = {
				CODE_SIGN_STYLE = Automatic;
				DEVELOPMENT_TEAM = YSZFMHLD4Y;
				INFOPLIST_FILE = WPAlertControlUITests/Info.plist;
				LD_RUNPATH_SEARCH_PATHS = (
					"$(inherited)",
					"@executable_path/Frameworks",
					"@loader_path/Frameworks",
				);
				PRODUCT_BUNDLE_IDENTIFIER = com.alert.WPAlertControlUITests;
				PRODUCT_NAME = "$(TARGET_NAME)";
				TARGETED_DEVICE_FAMILY = "1,2";
				TEST_TARGET_NAME = WPAlertControl;
			};
			name = Release;
		};
/* End XCBuildConfiguration section */

/* Begin XCConfigurationList section */
		8BE27589224A0E32003E0612 /* Build configuration list for PBXProject "WPAlertControl" */ = {
			isa = XCConfigurationList;
			buildConfigurations = (
				8BE275B8224A0E34003E0612 /* Debug */,
				8BE275B9224A0E34003E0612 /* Release */,
			);
			defaultConfigurationIsVisible = 0;
			defaultConfigurationName = Release;
		};
		8BE275BA224A0E34003E0612 /* Build configuration list for PBXNativeTarget "WPAlertControl" */ = {
			isa = XCConfigurationList;
			buildConfigurations = (
				8BE275BB224A0E34003E0612 /* Debug */,
				8BE275BC224A0E34003E0612 /* Release */,
			);
			defaultConfigurationIsVisible = 0;
			defaultConfigurationName = Release;
		};
		8BE275BD224A0E34003E0612 /* Build configuration list for PBXNativeTarget "WPAlertControlTests" */ = {
			isa = XCConfigurationList;
			buildConfigurations = (
				8BE275BE224A0E34003E0612 /* Debug */,
				8BE275BF224A0E34003E0612 /* Release */,
			);
			defaultConfigurationIsVisible = 0;
			defaultConfigurationName = Release;
		};
		8BE275C0224A0E34003E0612 /* Build configuration list for PBXNativeTarget "WPAlertControlUITests" */ = {
			isa = XCConfigurationList;
			buildConfigurations = (
				8BE275C1224A0E34003E0612 /* Debug */,
				8BE275C2224A0E34003E0612 /* Release */,
			);
			defaultConfigurationIsVisible = 0;
			defaultConfigurationName = Release;
		};
/* End XCConfigurationList section */
	};
	rootObject = 8BE27586224A0E32003E0612 /* Project object */;
}
